
Microsoft Visual Studio Solution File, Format Version 12.00
# Visual Studio Version 16
VisualStudioVersion = 16.0.32228.343
MinimumVisualStudioVersion = 10.0.40219.1
Project("{FAE04EC0-301F-11D3-BF4B-00C04F79EFBC}") = "Login_Form_ASP", "Login_Form_ASP.csproj", "{5AC47DBA-B246-405A-A7CD-FF7CED7DF8A2}"
EndProject
Global
	GlobalSection(SolutionConfigurationPlatforms) = preSolution
		Debug|Any CPU = Debug|Any CPU
		Release|Any CPU = Release|Any CPU
	EndGlobalSection
	GlobalSection(ProjectConfigurationPlatforms) = postSolution
		{5AC47DBA-B246-405A-A7CD-FF7CED7DF8A2}.Debug|Any CPU.ActiveCfg = Debug|Any CPU
		{5AC47DBA-B246-405A-A7CD-FF7CED7DF8A2}.Debug|Any CPU.Build.0 = Debug|Any CPU
		{5AC47DBA-B246-405A-A7CD-FF7CED7DF8A2}.Release|Any CPU.ActiveCfg = Release|Any CPU
		{5AC47DBA-B246-405A-A7CD-FF7CED7DF8A2}.Release|Any CPU.Build.0 = Release|Any CPU
	EndGlobalSection
	GlobalSection(SolutionProperties) = preSolution
		HideSolutionNode = FALSE
	EndGlobalSection
	GlobalSection(ExtensibilityGlobals) = postSolution
		SolutionGuid = {4A1AE511-D542-4942-94D5-A254A6AA0348}
	EndGlobalSection
EndGlobal
